{
  "pins" : [
    {
      "identity" : "rxswift",
      "kind" : "remoteSourceControl",
      "location" : "https://github.com/ReactiveX/RxSwift.git",
      "state" : {
        "revision" : "c7c7d2cf50a3211fe2843f76869c698e4e417930",
        "version" : "6.8.0"
      }
    },
    {
      "identity" : "sdwebimage",
      "kind" : "remoteSourceControl",
      "location" : "https://github.com/SDWebImage/SDWebImage.git",
      "state" : {
        "revision" : "10d06f6a33bafae8c164fbfd1f03391f6d4692b3",
        "version" : "5.20.0"
      }
    },
    {
      "identity" : "zoomableimageview",
      "kind" : "remoteSourceControl",
      "location" : "https://github.com/Mubin-pathao/ZoomableImageView.git",
      "state" : {
        "revision" : "a2bca687c5b0d1ebe2675d252384c2aa403969ac",
        "version" : "1.0.0"
      }
    }
  ],
  "version" : 2
}
